
Microsoft Visual Studio Solution File, Format Version 12.00
# Visual Studio Version 16
VisualStudioVersion = 16.0.31613.86
MinimumVisualStudioVersion = 10.0.40219.1
Project("{FAE04EC0-301F-11D3-BF4B-00C04F79EFBC}") = "FirstProgram", "FirstProgram\FirstProgram.csproj", "{B3F50398-0AA0-418C-8644-BBC8977E56D4}"
EndProject
Global
	GlobalSection(SolutionConfigurationPlatforms) = preSolution
		Debug|Any CPU = Debug|Any CPU
		Release|Any CPU = Release|Any CPU
	EndGlobalSection
	GlobalSection(ProjectConfigurationPlatforms) = postSolution
		{B3F50398-0AA0-418C-8644-BBC8977E56D4}.Debug|Any CPU.ActiveCfg = Debug|Any CPU
		{B3F50398-0AA0-418C-8644-BBC8977E56D4}.Debug|Any CPU.Build.0 = Debug|Any CPU
		{B3F50398-0AA0-418C-8644-BBC8977E56D4}.Release|Any CPU.ActiveCfg = Release|Any CPU
		{B3F50398-0AA0-418C-8644-BBC8977E56D4}.Release|Any CPU.Build.0 = Release|Any CPU
	EndGlobalSection
	GlobalSection(SolutionProperties) = preSolution
		HideSolutionNode = FALSE
	EndGlobalSection
	GlobalSection(ExtensibilityGlobals) = postSolution
		SolutionGuid = {1210B45C-C8F9-4775-B7AE-02079B6916E1}
	EndGlobalSection
EndGlobal
